{
    "_readme": [
        "This file locks the dependencies of your project to a known state",
        "Read more about it at https://getcomposer.org/doc/01-basic-usage.md#installing-dependencies",
        "This file is @generated automatically"
    ],
    "content-hash": "593e03422c6ca2b78e782a49f88072f3",
    "packages": [
        {
            "name": "datahihi1/tiny-env",
            "version": "1.0.9",
            "source": {
                "type": "git",
                "url": "https://github.com/datahihi1/tiny-env.git",
                "reference": "64e077577b75215983a91671248178910eeea133"
            },
            "dist": {
                "type": "zip",
                "url": "https://api.github.com/repos/datahihi1/tiny-env/zipball/64e077577b75215983a91671248178910eeea133",
                "reference": "64e077577b75215983a91671248178910eeea133",
                "shasum": ""
            },
            "require": {
                "php": ">=7.1"
            },
            "type": "library",
            "autoload": {
                "files": [
                    "src/helper/helpers.php"
                ],
                "psr-4": {
                    "Datahihi1\\TinyEnv\\": "src/"
                }
            },
            "notification-url": "https://packagist.org/downloads/",
            "license": [
                "MIT"
            ],
            "authors": [
                {
                    "name": "datahihi1",
                    "email": "datahihi1100@gmail.com"
                }
            ],
            "description": "A simple environment variable loader for PHP applications",
            "support": {
                "issues": "https://github.com/datahihi1/tiny-env/issues",
                "source": "https://github.com/datahihi1/tiny-env/tree/1.0.9"
            },
            "time": "2025-07-24T18:14:59+00:00"
        }
    ],
    "packages-dev": [],
    "aliases": [],
    "minimum-stability": "stable",
    "stability-flags": {},
    "prefer-stable": false,
    "prefer-lowest": false,
    "platform": {
        "php": ">=7.1"
    },
    "platform-dev": {},
    "plugin-api-version": "2.6.0"
}
